# Generated by pub
# See https://dart.dev/tools/pub/glossary#lockfile
packages:
  _flutterfire_internals:
    dependency: transitive
    description:
      name: _flutterfire_internals
      sha256: daa1d780fdecf8af925680c06c86563cdd445deea995d5c9176f1302a2b10bbe
      url: "https://pub.dev"
    source: hosted
    version: "1.3.48"
  app_links:
    dependency: "direct main"
    description:
      name: app_links
      sha256: "433df2e61b10519407475d7f69e470789d23d593f28224c38ba1068597be7950"
      url: "https://pub.dev"
    source: hosted
    version: "6.3.3"
  app_links_linux:
    dependency: transitive
    description:
      name: app_links_linux
      sha256: f5f7173a78609f3dfd4c2ff2c95bd559ab43c80a87dc6a095921d96c05688c81
      url: "https://pub.dev"
    source: hosted
    version: "1.0.3"
  app_links_platform_interface:
    dependency: transitive
    description:
      name: app_links_platform_interface
      sha256: "05f5379577c513b534a29ddea68176a4d4802c46180ee8e2e966257158772a3f"
      url: "https://pub.dev"
    source: hosted
    version: "2.0.2"
  app_links_web:
    dependency: transitive
    description:
      name: app_links_web
      sha256: af060ed76183f9e2b87510a9480e56a5352b6c249778d07bd2c95fc35632a555
      url: "https://pub.dev"
    source: hosted
    version: "1.0.4"
  archive:
    dependency: transitive
    description:
      name: archive
      sha256: "6199c74e3db4fbfbd04f66d739e72fe11c8a8957d5f219f1f4482dbde6420b5a"
      url: "https://pub.dev"
    source: hosted
    version: "4.0.2"
  args:
    dependency: transitive
    description:
      name: args
      sha256: "7cf60b9f0cc88203c5a190b4cd62a99feea42759a7fa695010eb5de1c0b2252a"
      url: "https://pub.dev"
    source: hosted
    version: "2.5.0"
  async:
    dependency: transitive
    description:
      name: async
      sha256: "947bfcf187f74dbc5e146c9eb9c0f10c9f8b30743e341481c1e2ed3ecc18c20c"
      url: "https://pub.dev"
    source: hosted
    version: "2.11.0"
  auto_size_text:
    dependency: "direct main"
    description:
      name: auto_size_text
      sha256: "3f5261cd3fb5f2a9ab4e2fc3fba84fd9fcaac8821f20a1d4e71f557521b22599"
      url: "https://pub.dev"
    source: hosted
    version: "3.0.0"
  boolean_selector:
    dependency: transitive
    description:
      name: boolean_selector
      sha256: "6cfb5af12253eaf2b368f07bacc5a80d1301a071c73360d746b7f2e32d762c66"
      url: "https://pub.dev"
    source: hosted
    version: "2.1.1"
  cached_network_image:
    dependency: "direct main"
    description:
      name: cached_network_image
      sha256: "7c1183e361e5c8b0a0f21a28401eecdbde252441106a9816400dd4c2b2424916"
      url: "https://pub.dev"
    source: hosted
    version: "3.4.1"
  cached_network_image_platform_interface:
    dependency: transitive
    description:
      name: cached_network_image_platform_interface
      sha256: "35814b016e37fbdc91f7ae18c8caf49ba5c88501813f73ce8a07027a395e2829"
      url: "https://pub.dev"
    source: hosted
    version: "4.1.1"
  cached_network_image_web:
    dependency: transitive
    description:
      name: cached_network_image_web
      sha256: "980842f4e8e2535b8dbd3d5ca0b1f0ba66bf61d14cc3a17a9b4788a3685ba062"
      url: "https://pub.dev"
    source: hosted
    version: "1.3.1"
  carousel_slider:
    dependency: "direct main"
    description:
      name: carousel_slider
      sha256: "7b006ec356205054af5beaef62e2221160ea36b90fb70a35e4deacd49d0349ae"
      url: "https://pub.dev"
    source: hosted
    version: "5.0.0"
  characters:
    dependency: transitive
    description:
      name: characters
      sha256: "04a925763edad70e8443c99234dc3328f442e811f1d8fd1a72f1c8ad0f69a605"
      url: "https://pub.dev"
    source: hosted
    version: "1.3.0"
  checked_yaml:
    dependency: transitive
    description:
      name: checked_yaml
      sha256: feb6bed21949061731a7a75fc5d2aa727cf160b91af9a3e464c5e3a32e28b5ff
      url: "https://pub.dev"
    source: hosted
    version: "2.0.3"
  cli_util:
    dependency: transitive
    description:
      name: cli_util
      sha256: c05b7406fdabc7a49a3929d4af76bcaccbbffcbcdcf185b082e1ae07da323d19
      url: "https://pub.dev"
    source: hosted
    version: "0.4.1"
  clock:
    dependency: transitive
    description:
      name: clock
      sha256: cb6d7f03e1de671e34607e909a7213e31d7752be4fb66a86d29fe1eb14bfb5cf
      url: "https://pub.dev"
    source: hosted
    version: "1.1.1"
  cloud_firestore:
    dependency: "direct main"
    description:
      name: cloud_firestore
      sha256: ba89d4ae6ddaea0241f50a2dc1ffe36f32891f1a6bc78540f55d79c7f8ed536a
      url: "https://pub.dev"
    source: hosted
    version: "5.6.0"
  cloud_firestore_platform_interface:
    dependency: "direct main"
    description:
      name: cloud_firestore_platform_interface
      sha256: "966cfd6beb2e943f3363a7bced4476533caa55d2338ffd876855c07e5296d1d7"
      url: "https://pub.dev"
    source: hosted
    version: "6.6.0"
  cloud_firestore_web:
    dependency: "direct main"
    description:
      name: cloud_firestore_web
      sha256: "110ba7ff3322c239527e5be3c0d471a3e14fd0a870b2feff96d1e527a2eae2bb"
      url: "https://pub.dev"
    source: hosted
    version: "4.4.0"
  cloud_functions:
    dependency: "direct main"
    description:
      name: cloud_functions
      sha256: ec363f3b0430954702369a7e898ea25e18e60199cadc8c7030af81057b35be3b
      url: "https://pub.dev"
    source: hosted
    version: "5.2.0"
  cloud_functions_platform_interface:
    dependency: transitive
    description:
      name: cloud_functions_platform_interface
      sha256: "1854660b9701ba2cc3fc566d18f43e4007b6e061990f0d7a1d42420eabba1c20"
      url: "https://pub.dev"
    source: hosted
    version: "5.5.40"
  cloud_functions_web:
    dependency: transitive
    description:
      name: cloud_functions_web
      sha256: "00149357e5579a7468a9abfbd86df638b5ab0f003de0f9b6ad6659027ad013ee"
      url: "https://pub.dev"
    source: hosted
    version: "4.10.5"
  collection:
    dependency: "direct main"
    description:
      name: collection
      sha256: ee67cb0715911d28db6bf4af1026078bd6f0128b07a5f66fb2ed94ec6783c09a
      url: "https://pub.dev"
    source: hosted
    version: "1.18.0"
  crypto:
    dependency: transitive
    description:
      name: crypto
      sha256: ec30d999af904f33454ba22ed9a86162b35e52b44ac4807d1d93c288041d7d27
      url: "https://pub.dev"
    source: hosted
    version: "3.0.5"
  device_info_plus:
    dependency: "direct main"
    description:
      name: device_info_plus
      sha256: a7fd703482b391a87d60b6061d04dfdeab07826b96f9abd8f5ed98068acc0074
      url: "https://pub.dev"
    source: hosted
    version: "10.1.2"
  device_info_plus_platform_interface:
    dependency: transitive
    description:
      name: device_info_plus_platform_interface
      sha256: "282d3cf731045a2feb66abfe61bbc40870ae50a3ed10a4d3d217556c35c8c2ba"
      url: "https://pub.dev"
    source: hosted
    version: "7.0.1"
  dropdown_button2:
    dependency: "direct main"
    description:
      name: dropdown_button2
      sha256: b0fe8d49a030315e9eef6c7ac84ca964250155a6224d491c1365061bc974a9e1
      url: "https://pub.dev"
    source: hosted
    version: "2.3.9"
  equatable:
    dependency: "direct main"
    description:
      name: equatable
      sha256: "567c64b3cb4cf82397aac55f4f0cbd3ca20d77c6c03bedbc4ceaddc08904aef7"
      url: "https://pub.dev"
    source: hosted
    version: "2.0.7"
  fake_async:
    dependency: transitive
    description:
      name: fake_async
      sha256: "511392330127add0b769b75a987850d136345d9227c6b94c96a04cf4a391bf78"
      url: "https://pub.dev"
    source: hosted
    version: "1.3.1"
  ffi:
    dependency: transitive
    description:
      name: ffi
      sha256: "16ed7b077ef01ad6170a3d0c57caa4a112a38d7a2ed5602e0aca9ca6f3d98da6"
      url: "https://pub.dev"
    source: hosted
    version: "2.1.3"
  file:
    dependency: transitive
    description:
      name: file
      sha256: "5fc22d7c25582e38ad9a8515372cd9a93834027aacf1801cf01164dac0ffa08c"
      url: "https://pub.dev"
    source: hosted
    version: "7.0.0"
  firebase_auth:
    dependency: "direct main"
    description:
      name: firebase_auth
      sha256: "03483af6e67b7c4b696ca9386989a6cd5593569e1ac5af6907ea5f7fd9c16d8b"
      url: "https://pub.dev"
    source: hosted
    version: "5.3.4"
  firebase_auth_platform_interface:
    dependency: transitive
    description:
      name: firebase_auth_platform_interface
      sha256: "3e1409f48c48930635705b1237ebbdee8c54c19106a0a4fb321dbb4b642820c4"
      url: "https://pub.dev"
    source: hosted
    version: "7.4.10"
  firebase_auth_web:
    dependency: transitive
    description:
      name: firebase_auth_web
      sha256: d83fe95c44d73c9c29b006ac7df3aa5e1b8ce92b62edc44e8f86250951fe2cd0
      url: "https://pub.dev"
    source: hosted
    version: "5.13.5"
  firebase_core:
    dependency: "direct main"
    description:
      name: firebase_core
      sha256: "15d761b95dfa2906dfcc31b7fc6fe293188533d1a3ffe78389ba9e69bd7fdbde"
      url: "https://pub.dev"
    source: hosted
    version: "3.9.0"
  firebase_core_platform_interface:
    dependency: "direct main"
    description:
      name: firebase_core_platform_interface
      sha256: d7253d255ff10f85cfd2adaba9ac17bae878fa3ba577462451163bd9f1d1f0bf
      url: "https://pub.dev"
    source: hosted
    version: "5.4.0"
  firebase_core_web:
    dependency: "direct main"
    description:
      name: firebase_core_web
      sha256: fbc008cf390d909b823763064b63afefe9f02d8afdb13eb3f485b871afee956b
      url: "https://pub.dev"
    source: hosted
    version: "2.19.0"
  firebase_messaging:
    dependency: "direct main"
    description:
      name: firebase_messaging
      sha256: "151a3ee68736abf293aab66d1317ade53c88abe1db09c75a0460aebf7767bbdf"
      url: "https://pub.dev"
    source: hosted
    version: "15.1.6"
  firebase_messaging_platform_interface:
    dependency: transitive
    description:
      name: firebase_messaging_platform_interface
      sha256: f331ee51e40c243f90cc7bc059222dfec4e5df53125b08d31fb28961b00d2a9d
      url: "https://pub.dev"
    source: hosted
    version: "4.5.49"
  firebase_messaging_web:
    dependency: transitive
    description:
      name: firebase_messaging_web
      sha256: efaf3fdc54cd77e0eedb8e75f7f01c808828c64d052ddbf94d3009974e47d30f
      url: "https://pub.dev"
    source: hosted
    version: "3.9.5"
  firebase_performance:
    dependency: "direct main"
    description:
      name: firebase_performance
      sha256: "33f840ac0d3693cb2db8a05e5f181882bb4e13e784927102030c907b958a5fc1"
      url: "https://pub.dev"
    source: hosted
    version: "0.10.0+11"
  firebase_performance_platform_interface:
    dependency: "direct main"
    description:
      name: firebase_performance_platform_interface
      sha256: "79dffbe35d75fe5ef857a06f7880432d39fcc160224051bd17e4f4f5171edb37"
      url: "https://pub.dev"
    source: hosted
    version: "0.1.4+47"
  firebase_performance_web:
    dependency: "direct main"
    description:
      name: firebase_performance_web
      sha256: "5d804346dcc65154a4b13ea82381a00e42e49c65004114c336a89537bbf47b64"
      url: "https://pub.dev"
    source: hosted
    version: "0.1.7+5"
  fixnum:
    dependency: transitive
    description:
      name: fixnum
      sha256: "25517a4deb0c03aa0f32fd12db525856438902d9c16536311e76cdc57b31d7d1"
      url: "https://pub.dev"
    source: hosted
    version: "1.1.0"
  flutter:
    dependency: "direct main"
    description: flutter
    source: sdk
    version: "0.0.0"
  flutter_animate:
    dependency: "direct main"
    description:
      name: flutter_animate
      sha256: "7befe2d3252728afb77aecaaea1dec88a89d35b9b1d2eea6d04479e8af9117b5"
      url: "https://pub.dev"
    source: hosted
    version: "4.5.2"
  flutter_cache_manager:
    dependency: "direct main"
    description:
      name: flutter_cache_manager
      sha256: "400b6592f16a4409a7f2bb929a9a7e38c72cceb8ffb99ee57bbf2cb2cecf8386"
      url: "https://pub.dev"
    source: hosted
    version: "3.4.1"
  flutter_launcher_icons:
    dependency: "direct dev"
    description:
      name: flutter_launcher_icons
      sha256: "31cd0885738e87c72d6f055564d37fabcdacee743b396b78c7636c169cac64f5"
      url: "https://pub.dev"
    source: hosted
    version: "0.14.2"
  flutter_lints:
    dependency: "direct dev"
    description:
      name: flutter_lints
      sha256: "5398f14efa795ffb7a33e9b6a08798b26a180edac4ad7db3f231e40f82ce11e1"
      url: "https://pub.dev"
    source: hosted
    version: "5.0.0"
  flutter_localizations:
    dependency: "direct main"
    description: flutter
    source: sdk
    version: "0.0.0"
  flutter_shaders:
    dependency: transitive
    description:
      name: flutter_shaders
      sha256: "34794acadd8275d971e02df03afee3dee0f98dbfb8c4837082ad0034f612a3e2"
      url: "https://pub.dev"
    source: hosted
    version: "0.1.3"
  flutter_spinkit:
    dependency: "direct main"
    description:
      name: flutter_spinkit
      sha256: d2696eed13732831414595b98863260e33e8882fc069ee80ec35d4ac9ddb0472
      url: "https://pub.dev"
    source: hosted
    version: "5.2.1"
  flutter_test:
    dependency: transitive
    description: flutter
    source: sdk
    version: "0.0.0"
  flutter_web_plugins:
    dependency: transitive
    description: flutter
    source: sdk
    version: "0.0.0"
  font_awesome_flutter:
    dependency: "direct main"
    description:
      name: font_awesome_flutter
      sha256: d3a89184101baec7f4600d58840a764d2ef760fe1c5a20ef9e6b0e9b24a07a3a
      url: "https://pub.dev"
    source: hosted
    version: "10.8.0"
  from_css_color:
    dependency: "direct main"
    description:
      name: from_css_color
      sha256: "5e4d1795c8d10af94e51dd97636b2a29170a132be1aceba103e9866028d20823"
      url: "https://pub.dev"
    source: hosted
    version: "2.0.0"
  functions_client:
    dependency: "direct main"
    description:
      name: functions_client
      sha256: "61597ed93be197b1be6387855e4b760e6aac2355fcfc4df6d20d2b4579982158"
      url: "https://pub.dev"
    source: hosted
    version: "2.4.0"
  go_router:
    dependency: "direct main"
    description:
      name: go_router
      sha256: "6f1b756f6e863259a99135ff3c95026c3cdca17d10ebef2bba2261a25ddc8bbc"
      url: "https://pub.dev"
    source: hosted
    version: "14.3.0"
  google_fonts:
    dependency: "direct main"
    description:
      name: google_fonts
      sha256: b1ac0fe2832c9cc95e5e88b57d627c5e68c223b9657f4b96e1487aa9098c7b82
      url: "https://pub.dev"
    source: hosted
    version: "6.2.1"
  google_identity_services_web:
    dependency: transitive
    description:
      name: google_identity_services_web
      sha256: "5be191523702ba8d7a01ca97c17fca096822ccf246b0a9f11923a6ded06199b6"
      url: "https://pub.dev"
    source: hosted
    version: "0.3.1+4"
  google_sign_in:
    dependency: "direct main"
    description:
      name: google_sign_in
      sha256: "0b8787cb9c1a68ad398e8010e8c8766bfa33556d2ab97c439fb4137756d7308f"
      url: "https://pub.dev"
    source: hosted
    version: "6.2.1"
  google_sign_in_android:
    dependency: "direct main"
    description:
      name: google_sign_in_android
      sha256: "1ad54110a151d3ebbfe9be5a0c2b715aeabddb079e54efd84e56c49605b5474a"
      url: "https://pub.dev"
    source: hosted
    version: "6.1.31"
  google_sign_in_ios:
    dependency: "direct main"
    description:
      name: google_sign_in_ios
      sha256: "4898410f55440049e1ba8f15411612d9f89299d89c61cd9baf7e02d56ff81ac7"
      url: "https://pub.dev"
    source: hosted
    version: "5.7.7"
  google_sign_in_platform_interface:
    dependency: transitive
    description:
      name: google_sign_in_platform_interface
      sha256: df6c91e74b7bb07335c864434c2064007dafa5539a96adeca6e83811be583ec4
      url: "https://pub.dev"
    source: hosted
    version: "2.4.4"
  google_sign_in_web:
    dependency: "direct main"
    description:
      name: google_sign_in_web
      sha256: "042805a21127a85b0dc46bba98a37926f17d2439720e8a459d27045d8ef68055"
      url: "https://pub.dev"
    source: hosted
    version: "0.12.4+2"
  gotrue:
    dependency: "direct main"
    description:
      name: gotrue
      sha256: d6362dff9a54f8c1c372bb137c858b4024c16407324d34e6473e59623c9b9f50
      url: "https://pub.dev"
    source: hosted
    version: "2.11.1"
  gtk:
    dependency: transitive
    description:
      name: gtk
      sha256: e8ce9ca4b1df106e4d72dad201d345ea1a036cc12c360f1a7d5a758f78ffa42c
      url: "https://pub.dev"
    source: hosted
    version: "2.1.0"
  hive:
    dependency: "direct main"
    description:
      name: hive
      sha256: "8dcf6db979d7933da8217edcec84e9df1bdb4e4edc7fc77dbd5aa74356d6d941"
      url: "https://pub.dev"
    source: hosted
    version: "2.2.3"
  http:
    dependency: transitive
    description:
      name: http
      sha256: b9c29a161230ee03d3ccf545097fccd9b87a5264228c5d348202e0f0c28f9010
      url: "https://pub.dev"
    source: hosted
    version: "1.2.2"
  http_parser:
    dependency: transitive
    description:
      name: http_parser
      sha256: "2aa08ce0341cc9b354a498388e30986515406668dbcc4f7c950c3e715496693b"
      url: "https://pub.dev"
    source: hosted
    version: "4.0.2"
  image:
    dependency: "direct dev"
    description:
      name: image
      sha256: "8346ad4b5173924b5ddddab782fc7d8a6300178c8b1dc427775405a01701c4a6"
      url: "https://pub.dev"
    source: hosted
    version: "4.5.2"
  intl:
    dependency: "direct main"
    description:
      name: intl
      sha256: d6f56758b7d3014a48af9701c085700aac781a92a87a62b1333b46d8879661cf
      url: "https://pub.dev"
    source: hosted
    version: "0.19.0"
  iregexp:
    dependency: transitive
    description:
      name: iregexp
      sha256: "143859dcaeecf6f683102786762d70a47ef8441a0d2287a158172d32d38799cf"
      url: "https://pub.dev"
    source: hosted
    version: "0.1.2"
  json_annotation:
    dependency: transitive
    description:
      name: json_annotation
      sha256: "1ce844379ca14835a50d2f019a3099f419082cfdd231cd86a142af94dd5c6bb1"
      url: "https://pub.dev"
    source: hosted
    version: "4.9.0"
  json_path:
    dependency: "direct main"
    description:
      name: json_path
      sha256: "7a06bbb1cfad390b20fb7a2ca5e67d9ba59633879c6d71142b80fbf61c3b66f6"
      url: "https://pub.dev"
    source: hosted
    version: "0.7.4"
  jwt_decode:
    dependency: transitive
    description:
      name: jwt_decode
      sha256: d2e9f68c052b2225130977429d30f187aa1981d789c76ad104a32243cfdebfbb
      url: "https://pub.dev"
    source: hosted
    version: "0.3.1"
  leak_tracker:
    dependency: transitive
    description:
      name: leak_tracker
      sha256: "3f87a60e8c63aecc975dda1ceedbc8f24de75f09e4856ea27daf8958f2f0ce05"
      url: "https://pub.dev"
    source: hosted
    version: "10.0.5"
  leak_tracker_flutter_testing:
    dependency: transitive
    description:
      name: leak_tracker_flutter_testing
      sha256: "932549fb305594d82d7183ecd9fa93463e9914e1b67cacc34bc40906594a1806"
      url: "https://pub.dev"
    source: hosted
    version: "3.0.5"
  leak_tracker_testing:
    dependency: transitive
    description:
      name: leak_tracker_testing
      sha256: "6ba465d5d76e67ddf503e1161d1f4a6bc42306f9d66ca1e8f079a47290fb06d3"
      url: "https://pub.dev"
    source: hosted
    version: "3.0.1"
  lints:
    dependency: "direct dev"
    description:
      name: lints
      sha256: "3315600f3fb3b135be672bf4a178c55f274bebe368325ae18462c89ac1e3b413"
      url: "https://pub.dev"
    source: hosted
    version: "5.0.0"
  logging:
    dependency: transitive
    description:
      name: logging
      sha256: "623a88c9594aa774443aa3eb2d41807a48486b5613e67599fb4c41c0ad47c340"
      url: "https://pub.dev"
    source: hosted
    version: "1.2.0"
  matcher:
    dependency: transitive
    description:
      name: matcher
      sha256: d2323aa2060500f906aa31a895b4030b6da3ebdcc5619d14ce1aada65cd161cb
      url: "https://pub.dev"
    source: hosted
    version: "0.12.16+1"
  material_color_utilities:
    dependency: transitive
    description:
      name: material_color_utilities
      sha256: f7142bb1154231d7ea5f96bc7bde4bda2a0945d2806bb11670e30b850d56bdec
      url: "https://pub.dev"
    source: hosted
    version: "0.11.1"
  maybe_just_nothing:
    dependency: transitive
    description:
      name: maybe_just_nothing
      sha256: "0c06326e26d08f6ed43247404376366dc4d756cef23a4f1db765f546224c35e0"
      url: "https://pub.dev"
    source: hosted
    version: "0.5.3"
  meta:
    dependency: transitive
    description:
      name: meta
      sha256: bdb68674043280c3428e9ec998512fb681678676b3c54e773629ffe74419f8c7
      url: "https://pub.dev"
    source: hosted
    version: "1.15.0"
  mime:
    dependency: transitive
    description:
      name: mime
      sha256: "801fd0b26f14a4a58ccb09d5892c3fbdeff209594300a542492cf13fba9d247a"
      url: "https://pub.dev"
    source: hosted
    version: "1.0.6"
  mime_type:
    dependency: "direct main"
    description:
      name: mime_type
      sha256: d652b613e84dac1af28030a9fba82c0999be05b98163f9e18a0849c6e63838bb
      url: "https://pub.dev"
    source: hosted
    version: "1.0.1"
  nested:
    dependency: transitive
    description:
      name: nested
      sha256: "03bac4c528c64c95c722ec99280375a6f2fc708eec17c7b3f07253b626cd2a20"
      url: "https://pub.dev"
    source: hosted
    version: "1.0.0"
  octo_image:
    dependency: transitive
    description:
      name: octo_image
      sha256: "34faa6639a78c7e3cbe79be6f9f96535867e879748ade7d17c9b1ae7536293bd"
      url: "https://pub.dev"
    source: hosted
    version: "2.1.0"
  onesignal_flutter:
    dependency: "direct main"
    description:
      name: onesignal_flutter
      sha256: c60e253f4bfdbd2bd25c47e491bfd4ab8bd0336ad288b2873bd81f839b07ad8e
      url: "https://pub.dev"
    source: hosted
    version: "5.2.9"
  page_transition:
    dependency: "direct main"
    description:
      name: page_transition
      sha256: "9d2a780d7d68b53ae82fbcc43e06a16195e6775e9aae40e55dc0cbb593460f9d"
      url: "https://pub.dev"
    source: hosted
    version: "2.2.1"
  path:
    dependency: transitive
    description:
      name: path
      sha256: "087ce49c3f0dc39180befefc60fdb4acd8f8620e5682fe2476afd0b3688bb4af"
      url: "https://pub.dev"
    source: hosted
    version: "1.9.0"
  path_provider:
    dependency: "direct main"
    description:
      name: path_provider
      sha256: "50c5dd5b6e1aaf6fb3a78b33f6aa3afca52bf903a8a5298f53101fdaee55bbcd"
      url: "https://pub.dev"
    source: hosted
    version: "2.1.5"
  path_provider_android:
    dependency: "direct main"
    description:
      name: path_provider_android
      sha256: "4adf4fd5423ec60a29506c76581bc05854c55e3a0b72d35bb28d661c9686edf2"
      url: "https://pub.dev"
    source: hosted
    version: "2.2.15"
  path_provider_foundation:
    dependency: "direct main"
    description:
      name: path_provider_foundation
      sha256: "4843174df4d288f5e29185bd6e72a6fbdf5a4a4602717eed565497429f179942"
      url: "https://pub.dev"
    source: hosted
    version: "2.4.1"
  path_provider_linux:
    dependency: transitive
    description:
      name: path_provider_linux
      sha256: f7a1fe3a634fe7734c8d3f2766ad746ae2a2884abe22e241a8b301bf5cac3279
      url: "https://pub.dev"
    source: hosted
    version: "2.2.1"
  path_provider_platform_interface:
    dependency: "direct main"
    description:
      name: path_provider_platform_interface
      sha256: "88f5779f72ba699763fa3a3b06aa4bf6de76c8e5de842cf6f29e2e06476c2334"
      url: "https://pub.dev"
    source: hosted
    version: "2.1.2"
  path_provider_windows:
    dependency: transitive
    description:
      name: path_provider_windows
      sha256: bd6f00dbd873bfb70d0761682da2b3a2c2fccc2b9e84c495821639601d81afe7
      url: "https://pub.dev"
    source: hosted
    version: "2.3.0"
  permission_handler:
    dependency: "direct main"
    description:
      name: permission_handler
      sha256: "18bf33f7fefbd812f37e72091a15575e72d5318854877e0e4035a24ac1113ecb"
      url: "https://pub.dev"
    source: hosted
    version: "11.3.1"
  permission_handler_android:
    dependency: transitive
    description:
      name: permission_handler_android
      sha256: "76e4ab092c1b240d31177bb64d2b0bea43f43d0e23541ec866151b9f7b2490fa"
      url: "https://pub.dev"
    source: hosted
    version: "12.0.12"
  permission_handler_apple:
    dependency: transitive
    description:
      name: permission_handler_apple
      sha256: e6f6d73b12438ef13e648c4ae56bd106ec60d17e90a59c4545db6781229082a0
      url: "https://pub.dev"
    source: hosted
    version: "9.4.5"
  permission_handler_html:
    dependency: transitive
    description:
      name: permission_handler_html
      sha256: af26edbbb1f2674af65a8f4b56e1a6f526156bc273d0e65dd8075fab51c78851
      url: "https://pub.dev"
    source: hosted
    version: "0.1.3+2"
  permission_handler_platform_interface:
    dependency: transitive
    description:
      name: permission_handler_platform_interface
      sha256: e9c8eadee926c4532d0305dff94b85bf961f16759c3af791486613152af4b4f9
      url: "https://pub.dev"
    source: hosted
    version: "4.2.3"
  permission_handler_windows:
    dependency: transitive
    description:
      name: permission_handler_windows
      sha256: "1a790728016f79a41216d88672dbc5df30e686e811ad4e698bfc51f76ad91f1e"
      url: "https://pub.dev"
    source: hosted
    version: "0.2.1"
  petitparser:
    dependency: transitive
    description:
      name: petitparser
      sha256: c15605cd28af66339f8eb6fbe0e541bfe2d1b72d5825efc6598f3e0a31b9ad27
      url: "https://pub.dev"
    source: hosted
    version: "6.0.2"
  platform:
    dependency: transitive
    description:
      name: platform
      sha256: "9b71283fc13df574056616011fb138fd3b793ea47cc509c189a6c3fa5f8a1a65"
      url: "https://pub.dev"
    source: hosted
    version: "3.1.5"
  plugin_platform_interface:
    dependency: "direct main"
    description:
      name: plugin_platform_interface
      sha256: "4820fbfdb9478b1ebae27888254d445073732dae3d6ea81f0b7e06d5dedc3f02"
      url: "https://pub.dev"
    source: hosted
    version: "2.1.8"
  posix:
    dependency: transitive
    description:
      name: posix
      sha256: a0117dc2167805aa9125b82eee515cc891819bac2f538c83646d355b16f58b9a
      url: "https://pub.dev"
    source: hosted
    version: "6.0.1"
  postgrest:
    dependency: "direct main"
    description:
      name: postgrest
      sha256: "9f759ac497a24839addbed69d9569ea6d51d2e4834c672b8c2a73752fb6945c8"
      url: "https://pub.dev"
    source: hosted
    version: "2.4.0"
  provider:
    dependency: "direct main"
    description:
      name: provider
      sha256: c8a055ee5ce3fd98d6fc872478b03823ffdb448699c6ebdbbc71d59b596fd48c
      url: "https://pub.dev"
    source: hosted
    version: "6.1.2"
  realtime_client:
    dependency: "direct main"
    description:
      name: realtime_client
      sha256: "1bfcb7455fdcf15953bf18ac2817634ea5b8f7f350c7e8c9873141a3ee2c3e9c"
      url: "https://pub.dev"
    source: hosted
    version: "2.4.1"
  retry:
    dependency: transitive
    description:
      name: retry
      sha256: "822e118d5b3aafed083109c72d5f484c6dc66707885e07c0fbcb8b986bba7efc"
      url: "https://pub.dev"
    source: hosted
    version: "3.1.2"
  rfc_6901:
    dependency: transitive
    description:
      name: rfc_6901
      sha256: df1bbfa3d023009598f19636d6114c6ac1e0b7bb7bf6a260f0e6e6ce91416820
      url: "https://pub.dev"
    source: hosted
    version: "0.2.0"
  rxdart:
    dependency: "direct main"
    description:
      name: rxdart
      sha256: "0c7c0cedd93788d996e33041ffecda924cc54389199cde4e6a34b440f50044cb"
      url: "https://pub.dev"
    source: hosted
    version: "0.27.7"
  shared_preferences:
    dependency: "direct main"
    description:
      name: shared_preferences
      sha256: "3c7e73920c694a436afaf65ab60ce3453d91f84208d761fbd83fc21182134d93"
      url: "https://pub.dev"
    source: hosted
    version: "2.3.4"
  shared_preferences_android:
    dependency: "direct main"
    description:
      name: shared_preferences_android
      sha256: "02a7d8a9ef346c9af715811b01fbd8e27845ad2c41148eefd31321471b41863d"
      url: "https://pub.dev"
    source: hosted
    version: "2.4.0"
  shared_preferences_foundation:
    dependency: "direct main"
    description:
      name: shared_preferences_foundation
      sha256: "6a52cfcdaeac77cad8c97b539ff688ccfc458c007b4db12be584fbe5c0e49e03"
      url: "https://pub.dev"
    source: hosted
    version: "2.5.4"
  shared_preferences_linux:
    dependency: transitive
    description:
      name: shared_preferences_linux
      sha256: "580abfd40f415611503cae30adf626e6656dfb2f0cee8f465ece7b6defb40f2f"
      url: "https://pub.dev"
    source: hosted
    version: "2.4.1"
  shared_preferences_platform_interface:
    dependency: "direct main"
    description:
      name: shared_preferences_platform_interface
      sha256: "57cbf196c486bc2cf1f02b85784932c6094376284b3ad5779d1b1c6c6a816b80"
      url: "https://pub.dev"
    source: hosted
    version: "2.4.1"
  shared_preferences_web:
    dependency: "direct main"
    description:
      name: shared_preferences_web
      sha256: d2ca4132d3946fec2184261726b355836a82c33d7d5b67af32692aff18a4684e
      url: "https://pub.dev"
    source: hosted
    version: "2.4.2"
  shared_preferences_windows:
    dependency: transitive
    description:
      name: shared_preferences_windows
      sha256: "94ef0f72b2d71bc3e700e025db3710911bd51a71cefb65cc609dd0d9a982e3c1"
      url: "https://pub.dev"
    source: hosted
    version: "2.4.1"
  sign_in_with_apple:
    dependency: "direct main"
    description:
      name: sign_in_with_apple
      sha256: e84a62e17b7e463abf0a64ce826c2cd1f0b72dff07b7b275e32d5302d76fb4c5
      url: "https://pub.dev"
    source: hosted
    version: "6.1.4"
  sign_in_with_apple_platform_interface:
    dependency: "direct main"
    description:
      name: sign_in_with_apple_platform_interface
      sha256: c2ef2ce6273fce0c61acd7e9ff5be7181e33d7aa2b66508b39418b786cca2119
      url: "https://pub.dev"
    source: hosted
    version: "1.1.0"
  sign_in_with_apple_web:
    dependency: "direct main"
    description:
      name: sign_in_with_apple_web
      sha256: "2f7c38368f49e3f2043bca4b46a4a61aaae568c140a79aa0675dc59ad0ca49bc"
      url: "https://pub.dev"
    source: hosted
    version: "2.1.1"
  sky_engine:
    dependency: transitive
    description: flutter
    source: sdk
    version: "0.0.99"
  smooth_page_indicator:
    dependency: "direct main"
    description:
      name: smooth_page_indicator
      sha256: "3b28b0c545fa67ed9e5997d9f9720d486f54c0c607e056a1094544e36934dff3"
      url: "https://pub.dev"
    source: hosted
    version: "1.2.0+3"
  source_span:
    dependency: transitive
    description:
      name: source_span
      sha256: "53e943d4206a5e30df338fd4c6e7a077e02254531b138a15aec3bd143c1a8b3c"
      url: "https://pub.dev"
    source: hosted
    version: "1.10.0"
  sprintf:
    dependency: transitive
    description:
      name: sprintf
      sha256: "1fc9ffe69d4df602376b52949af107d8f5703b77cda567c4d7d86a0693120f23"
      url: "https://pub.dev"
    source: hosted
    version: "7.0.0"
  sqflite:
    dependency: "direct main"
    description:
      name: sqflite
      sha256: "2d7299468485dca85efeeadf5d38986909c5eb0cd71fd3db2c2f000e6c9454bb"
      url: "https://pub.dev"
    source: hosted
    version: "2.4.1"
  sqflite_android:
    dependency: transitive
    description:
      name: sqflite_android
      sha256: "78f489aab276260cdd26676d2169446c7ecd3484bbd5fead4ca14f3ed4dd9ee3"
      url: "https://pub.dev"
    source: hosted
    version: "2.4.0"
  sqflite_common:
    dependency: transitive
    description:
      name: sqflite_common
      sha256: "761b9740ecbd4d3e66b8916d784e581861fd3c3553eda85e167bc49fdb68f709"
      url: "https://pub.dev"
    source: hosted
    version: "2.5.4+6"
  sqflite_darwin:
    dependency: transitive
    description:
      name: sqflite_darwin
      sha256: "96a698e2bc82bd770a4d6aab00b42396a7c63d9e33513a56945cbccb594c2474"
      url: "https://pub.dev"
    source: hosted
    version: "2.4.1"
  sqflite_platform_interface:
    dependency: transitive
    description:
      name: sqflite_platform_interface
      sha256: "8dd4515c7bdcae0a785b0062859336de775e8c65db81ae33dd5445f35be61920"
      url: "https://pub.dev"
    source: hosted
    version: "2.4.0"
  stack_trace:
    dependency: transitive
    description:
      name: stack_trace
      sha256: "73713990125a6d93122541237550ee3352a2d84baad52d375a4cad2eb9b7ce0b"
      url: "https://pub.dev"
    source: hosted
    version: "1.11.1"
  storage_client:
    dependency: "direct main"
    description:
      name: storage_client
      sha256: d80d34f0aa60e5199646bc301f5750767ee37310c2ecfe8d4bbdd29351e09ab0
      url: "https://pub.dev"
    source: hosted
    version: "2.3.0"
  stream_channel:
    dependency: transitive
    description:
      name: stream_channel
      sha256: ba2aa5d8cc609d96bbb2899c28934f9e1af5cddbd60a827822ea467161eb54e7
      url: "https://pub.dev"
    source: hosted
    version: "2.1.2"
  stream_transform:
    dependency: "direct main"
    description:
      name: stream_transform
      sha256: ad47125e588cfd37a9a7f86c7d6356dde8dfe89d071d293f80ca9e9273a33871
      url: "https://pub.dev"
    source: hosted
    version: "2.1.1"
  string_scanner:
    dependency: transitive
    description:
      name: string_scanner
      sha256: "556692adab6cfa87322a115640c11f13cb77b3f076ddcc5d6ae3c20242bedcde"
      url: "https://pub.dev"
    source: hosted
    version: "1.2.0"
  supabase:
    dependency: "direct main"
    description:
      name: supabase
      sha256: ea3daaf4fc76df9bf42ca00142f8d07b94400943a93d563e87f5575ea78f1c2c
      url: "https://pub.dev"
    source: hosted
    version: "2.6.1"
  supabase_flutter:
    dependency: "direct main"
    description:
      name: supabase_flutter
      sha256: e8b321706a9b88c60f5fe695305f34917ad2ee55aea0b3af987638c7b0793e13
      url: "https://pub.dev"
    source: hosted
    version: "2.8.2"
  synchronized:
    dependency: transitive
    description:
      name: synchronized
      sha256: "69fe30f3a8b04a0be0c15ae6490fc859a78ef4c43ae2dd5e8a623d45bfcf9225"
      url: "https://pub.dev"
    source: hosted
    version: "3.3.0+3"
  term_glyph:
    dependency: transitive
    description:
      name: term_glyph
      sha256: a29248a84fbb7c79282b40b8c72a1209db169a2e0542bce341da992fe1bc7e84
      url: "https://pub.dev"
    source: hosted
    version: "1.2.1"
  test_api:
    dependency: transitive
    description:
      name: test_api
      sha256: "5b8a98dafc4d5c4c9c72d8b31ab2b23fc13422348d2997120294d3bac86b4ddb"
      url: "https://pub.dev"
    source: hosted
    version: "0.7.2"
  timeago:
    dependency: "direct main"
    description:
      name: timeago
      sha256: "054cedf68706bb142839ba0ae6b135f6b68039f0b8301cbe8784ae653d5ff8de"
      url: "https://pub.dev"
    source: hosted
    version: "3.7.0"
  typed_data:
    dependency: transitive
    description:
      name: typed_data
      sha256: facc8d6582f16042dd49f2463ff1bd6e2c9ef9f3d5da3d9b087e244a7b564b3c
      url: "https://pub.dev"
    source: hosted
    version: "1.3.2"
  url_launcher:
    dependency: "direct main"
    description:
      name: url_launcher
      sha256: "9d06212b1362abc2f0f0d78e6f09f726608c74e3b9462e8368bb03314aa8d603"
      url: "https://pub.dev"
    source: hosted
    version: "6.3.1"
  url_launcher_android:
    dependency: "direct main"
    description:
      name: url_launcher_android
      sha256: "6fc2f56536ee873eeb867ad176ae15f304ccccc357848b351f6f0d8d4a40d193"
      url: "https://pub.dev"
    source: hosted
    version: "6.3.14"
  url_launcher_ios:
    dependency: "direct main"
    description:
      name: url_launcher_ios
      sha256: "16a513b6c12bb419304e72ea0ae2ab4fed569920d1c7cb850263fe3acc824626"
      url: "https://pub.dev"
    source: hosted
    version: "6.3.2"
  url_launcher_linux:
    dependency: transitive
    description:
      name: url_launcher_linux
      sha256: "4e9ba368772369e3e08f231d2301b4ef72b9ff87c31192ef471b380ef29a4935"
      url: "https://pub.dev"
    source: hosted
    version: "3.2.1"
  url_launcher_macos:
    dependency: transitive
    description:
      name: url_launcher_macos
      sha256: "17ba2000b847f334f16626a574c702b196723af2a289e7a93ffcb79acff855c2"
      url: "https://pub.dev"
    source: hosted
    version: "3.2.2"
  url_launcher_platform_interface:
    dependency: "direct main"
    description:
      name: url_launcher_platform_interface
      sha256: "552f8a1e663569be95a8190206a38187b531910283c3e982193e4f2733f01029"
      url: "https://pub.dev"
    source: hosted
    version: "2.3.2"
  url_launcher_web:
    dependency: transitive
    description:
      name: url_launcher_web
      sha256: "772638d3b34c779ede05ba3d38af34657a05ac55b06279ea6edd409e323dca8e"
      url: "https://pub.dev"
    source: hosted
    version: "2.3.3"
  url_launcher_windows:
    dependency: transitive
    description:
      name: url_launcher_windows
      sha256: "44cf3aabcedde30f2dba119a9dea3b0f2672fbe6fa96e85536251d678216b3c4"
      url: "https://pub.dev"
    source: hosted
    version: "3.1.3"
  uuid:
    dependency: transitive
    description:
      name: uuid
      sha256: a5be9ef6618a7ac1e964353ef476418026db906c4facdedaa299b7a2e71690ff
      url: "https://pub.dev"
    source: hosted
    version: "4.5.1"
  vector_math:
    dependency: transitive
    description:
      name: vector_math
      sha256: "80b3257d1492ce4d091729e3a67a60407d227c27241d6927be0130c98e741803"
      url: "https://pub.dev"
    source: hosted
    version: "2.1.4"
  vm_service:
    dependency: transitive
    description:
      name: vm_service
      sha256: "5c5f338a667b4c644744b661f309fb8080bb94b18a7e91ef1dbd343bed00ed6d"
      url: "https://pub.dev"
    source: hosted
    version: "14.2.5"
  web:
    dependency: transitive
    description:
      name: web
      sha256: cd3543bd5798f6ad290ea73d210f423502e71900302dde696f8bff84bf89a1cb
      url: "https://pub.dev"
    source: hosted
    version: "1.1.0"
  web_socket:
    dependency: transitive
    description:
      name: web_socket
      sha256: "3c12d96c0c9a4eec095246debcea7b86c0324f22df69893d538fcc6f1b8cce83"
      url: "https://pub.dev"
    source: hosted
    version: "0.1.6"
  web_socket_channel:
    dependency: transitive
    description:
      name: web_socket_channel
      sha256: "9f187088ed104edd8662ca07af4b124465893caf063ba29758f97af57e61da8f"
      url: "https://pub.dev"
    source: hosted
    version: "3.0.1"
  webview_flutter:
    dependency: "direct main"
    description:
      name: webview_flutter
      sha256: "889a0a678e7c793c308c68739996227c9661590605e70b1f6cf6b9a6634f7aec"
      url: "https://pub.dev"
    source: hosted
    version: "4.10.0"
  webview_flutter_android:
    dependency: "direct main"
    description:
      name: webview_flutter_android
      sha256: "3d535126f7244871542b2f0b0fcf94629c9a14883250461f9abe1a6644c1c379"
      url: "https://pub.dev"
    source: hosted
    version: "4.2.0"
  webview_flutter_platform_interface:
    dependency: "direct main"
    description:
      name: webview_flutter_platform_interface
      sha256: d937581d6e558908d7ae3dc1989c4f87b786891ab47bb9df7de548a151779d8d
      url: "https://pub.dev"
    source: hosted
    version: "2.10.0"
  webview_flutter_wkwebview:
    dependency: "direct main"
    description:
      name: webview_flutter_wkwebview
      sha256: b7e92f129482460951d96ef9a46b49db34bd2e1621685de26e9eaafd9674e7eb
      url: "https://pub.dev"
    source: hosted
    version: "3.16.3"
  win32:
    dependency: transitive
    description:
      name: win32
      sha256: "4d45dc9069dba4619dc0ebd93c7cec5e66d8482cb625a370ac806dcc8165f2ec"
      url: "https://pub.dev"
    source: hosted
    version: "5.5.5"
  win32_registry:
    dependency: transitive
    description:
      name: win32_registry
      sha256: "21ec76dfc731550fd3e2ce7a33a9ea90b828fdf19a5c3bcf556fa992cfa99852"
      url: "https://pub.dev"
    source: hosted
    version: "1.1.5"
  xdg_directories:
    dependency: transitive
    description:
      name: xdg_directories
      sha256: "7a3f37b05d989967cdddcbb571f1ea834867ae2faa29725fd085180e0883aa15"
      url: "https://pub.dev"
    source: hosted
    version: "1.1.0"
  xml:
    dependency: transitive
    description:
      name: xml
      sha256: b015a8ad1c488f66851d762d3090a21c600e479dc75e68328c52774040cf9226
      url: "https://pub.dev"
    source: hosted
    version: "6.5.0"
  yaml:
    dependency: transitive
    description:
      name: yaml
      sha256: "75769501ea3489fca56601ff33454fe45507ea3bfb014161abc3b43ae25989d5"
      url: "https://pub.dev"
    source: hosted
    version: "3.1.2"
  yet_another_json_isolate:
    dependency: transitive
    description:
      name: yet_another_json_isolate
      sha256: "56155e9e0002cc51ea7112857bbcdc714d4c35e176d43e4d3ee233009ff410c9"
      url: "https://pub.dev"
    source: hosted
    version: "2.0.3"
sdks:
  dart: ">=3.5.0 <4.0.0"
  flutter: ">=3.24.0"
